
Microsoft Visual Studio Solution File, Format Version 12.00
# Visual Studio Version 17
VisualStudioVersion = 17.0.32112.339
MinimumVisualStudioVersion = 10.0.40219.1
Project("{FAE04EC0-301F-11D3-BF4B-00C04F79EFBC}") = "qckdev.AspNetCore.Authentication.JwtBearer", "qckdev.AspNetCore.Authentication.JwtBearer\qckdev.AspNetCore.Authentication.JwtBearer.csproj", "{1403BD54-ED9F-4FB5-B4FF-F68967C85A8F}"
EndProject
Project("{FAE04EC0-301F-11D3-BF4B-00C04F79EFBC}") = "qckdev.AspNetCore.Authentication.JwtBearer.Test", "qckdev.AspNetCore.Authentication.JwtBearer.Test\qckdev.AspNetCore.Authentication.JwtBearer.Test.csproj", "{F7D2B1B3-2194-44FE-8782-A387167F32C8}"
EndProject
Project("{FAE04EC0-301F-11D3-BF4B-00C04F79EFBC}") = "qckdev.AspNetCore.Authentication.JwtBearer.Swagger", "qckdev.AspNetCore.Authentication.JwtBearer.Swagger\qckdev.AspNetCore.Authentication.JwtBearer.Swagger.csproj", "{17437625-081B-4D8D-812B-3FFA80FD1A5F}"
EndProject
Global
	GlobalSection(SolutionConfigurationPlatforms) = preSolution
		Debug|Any CPU = Debug|Any CPU
		Debug|x64 = Debug|x64
		Debug|x86 = Debug|x86
		Release|Any CPU = Release|Any CPU
		Release|x64 = Release|x64
		Release|x86 = Release|x86
	EndGlobalSection
	GlobalSection(ProjectConfigurationPlatforms) = postSolution
		{1403BD54-ED9F-4FB5-B4FF-F68967C85A8F}.Debug|Any CPU.ActiveCfg = Debug|Any CPU
		{1403BD54-ED9F-4FB5-B4FF-F68967C85A8F}.Debug|Any CPU.Build.0 = Debug|Any CPU
		{1403BD54-ED9F-4FB5-B4FF-F68967C85A8F}.Debug|x64.ActiveCfg = Debug|Any CPU
		{1403BD54-ED9F-4FB5-B4FF-F68967C85A8F}.Debug|x64.Build.0 = Debug|Any CPU
		{1403BD54-ED9F-4FB5-B4FF-F68967C85A8F}.Debug|x86.ActiveCfg = Debug|Any CPU
		{1403BD54-ED9F-4FB5-B4FF-F68967C85A8F}.Debug|x86.Build.0 = Debug|Any CPU
		{1403BD54-ED9F-4FB5-B4FF-F68967C85A8F}.Release|Any CPU.ActiveCfg = Release|Any CPU
		{1403BD54-ED9F-4FB5-B4FF-F68967C85A8F}.Release|Any CPU.Build.0 = Release|Any CPU
		{1403BD54-ED9F-4FB5-B4FF-F68967C85A8F}.Release|x64.ActiveCfg = Release|Any CPU
		{1403BD54-ED9F-4FB5-B4FF-F68967C85A8F}.Release|x64.Build.0 = Release|Any CPU
		{1403BD54-ED9F-4FB5-B4FF-F68967C85A8F}.Release|x86.ActiveCfg = Release|Any CPU
		{1403BD54-ED9F-4FB5-B4FF-F68967C85A8F}.Release|x86.Build.0 = Release|Any CPU
		{F7D2B1B3-2194-44FE-8782-A387167F32C8}.Debug|Any CPU.ActiveCfg = Debug|Any CPU
		{F7D2B1B3-2194-44FE-8782-A387167F32C8}.Debug|Any CPU.Build.0 = Debug|Any CPU
		{F7D2B1B3-2194-44FE-8782-A387167F32C8}.Debug|x64.ActiveCfg = Debug|Any CPU
		{F7D2B1B3-2194-44FE-8782-A387167F32C8}.Debug|x64.Build.0 = Debug|Any CPU
		{F7D2B1B3-2194-44FE-8782-A387167F32C8}.Debug|x86.ActiveCfg = Debug|Any CPU
		{F7D2B1B3-2194-44FE-8782-A387167F32C8}.Debug|x86.Build.0 = Debug|Any CPU
		{F7D2B1B3-2194-44FE-8782-A387167F32C8}.Release|Any CPU.ActiveCfg = Release|Any CPU
		{F7D2B1B3-2194-44FE-8782-A387167F32C8}.Release|Any CPU.Build.0 = Release|Any CPU
		{F7D2B1B3-2194-44FE-8782-A387167F32C8}.Release|x64.ActiveCfg = Release|Any CPU
		{F7D2B1B3-2194-44FE-8782-A387167F32C8}.Release|x64.Build.0 = Release|Any CPU
		{F7D2B1B3-2194-44FE-8782-A387167F32C8}.Release|x86.ActiveCfg = Release|Any CPU
		{F7D2B1B3-2194-44FE-8782-A387167F32C8}.Release|x86.Build.0 = Release|Any CPU
		{17437625-081B-4D8D-812B-3FFA80FD1A5F}.Debug|Any CPU.ActiveCfg = Debug|Any CPU
		{17437625-081B-4D8D-812B-3FFA80FD1A5F}.Debug|Any CPU.Build.0 = Debug|Any CPU
		{17437625-081B-4D8D-812B-3FFA80FD1A5F}.Debug|x64.ActiveCfg = Debug|Any CPU
		{17437625-081B-4D8D-812B-3FFA80FD1A5F}.Debug|x64.Build.0 = Debug|Any CPU
		{17437625-081B-4D8D-812B-3FFA80FD1A5F}.Debug|x86.ActiveCfg = Debug|Any CPU
		{17437625-081B-4D8D-812B-3FFA80FD1A5F}.Debug|x86.Build.0 = Debug|Any CPU
		{17437625-081B-4D8D-812B-3FFA80FD1A5F}.Release|Any CPU.ActiveCfg = Release|Any CPU
		{17437625-081B-4D8D-812B-3FFA80FD1A5F}.Release|Any CPU.Build.0 = Release|Any CPU
		{17437625-081B-4D8D-812B-3FFA80FD1A5F}.Release|x64.ActiveCfg = Release|Any CPU
		{17437625-081B-4D8D-812B-3FFA80FD1A5F}.Release|x64.Build.0 = Release|Any CPU
		{17437625-081B-4D8D-812B-3FFA80FD1A5F}.Release|x86.ActiveCfg = Release|Any CPU
		{17437625-081B-4D8D-812B-3FFA80FD1A5F}.Release|x86.Build.0 = Release|Any CPU
	EndGlobalSection
	GlobalSection(SolutionProperties) = preSolution
		HideSolutionNode = FALSE
	EndGlobalSection
	GlobalSection(ExtensibilityGlobals) = postSolution
		SolutionGuid = {F041D6BF-4891-4D4B-BCAB-2F850BBDA0A6}
	EndGlobalSection
EndGlobal
