
Microsoft Visual Studio Solution File, Format Version 12.00
# Visual Studio Version 17
VisualStudioVersion = 17.14.37012.4 d17.14
MinimumVisualStudioVersion = 10.0.40219.1
Project("{FAE04EC0-301F-11D3-BF4B-00C04F79EFBC}") = "JwtBearerExample.Identity", "JwtBearerExample.Identity\JwtBearerExample.Identity.csproj", "{23A790B1-6A38-FDA5-3CC5-38DB3E380FB7}"
EndProject
Project("{FAE04EC0-301F-11D3-BF4B-00C04F79EFBC}") = "JwtBearerExample.Identity.AppHost", "JwtBearerExample.Identity.AppHost\JwtBearerExample.Identity.AppHost.csproj", "{7C1A7A73-01FF-4775-A65F-FCD7DCEC0497}"
EndProject
Project("{FAE04EC0-301F-11D3-BF4B-00C04F79EFBC}") = "JwtBearerExample.Identity.ServiceDefaults", "JwtBearerExample.Identity.ServiceDefaults\JwtBearerExample.Identity.ServiceDefaults.csproj", "{1C9920B0-FF95-9CE8-CED0-9F6BACCA318F}"
EndProject
Global
	GlobalSection(SolutionConfigurationPlatforms) = preSolution
		Debug|Any CPU = Debug|Any CPU
		Release|Any CPU = Release|Any CPU
	EndGlobalSection
	GlobalSection(ProjectConfigurationPlatforms) = postSolution
		{23A790B1-6A38-FDA5-3CC5-38DB3E380FB7}.Debug|Any CPU.ActiveCfg = Debug|Any CPU
		{23A790B1-6A38-FDA5-3CC5-38DB3E380FB7}.Debug|Any CPU.Build.0 = Debug|Any CPU
		{23A790B1-6A38-FDA5-3CC5-38DB3E380FB7}.Release|Any CPU.ActiveCfg = Release|Any CPU
		{23A790B1-6A38-FDA5-3CC5-38DB3E380FB7}.Release|Any CPU.Build.0 = Release|Any CPU
		{7C1A7A73-01FF-4775-A65F-FCD7DCEC0497}.Debug|Any CPU.ActiveCfg = Debug|Any CPU
		{7C1A7A73-01FF-4775-A65F-FCD7DCEC0497}.Debug|Any CPU.Build.0 = Debug|Any CPU
		{7C1A7A73-01FF-4775-A65F-FCD7DCEC0497}.Release|Any CPU.ActiveCfg = Release|Any CPU
		{7C1A7A73-01FF-4775-A65F-FCD7DCEC0497}.Release|Any CPU.Build.0 = Release|Any CPU
		{1C9920B0-FF95-9CE8-CED0-9F6BACCA318F}.Debug|Any CPU.ActiveCfg = Debug|Any CPU
		{1C9920B0-FF95-9CE8-CED0-9F6BACCA318F}.Debug|Any CPU.Build.0 = Debug|Any CPU
		{1C9920B0-FF95-9CE8-CED0-9F6BACCA318F}.Release|Any CPU.ActiveCfg = Release|Any CPU
		{1C9920B0-FF95-9CE8-CED0-9F6BACCA318F}.Release|Any CPU.Build.0 = Release|Any CPU
	EndGlobalSection
	GlobalSection(SolutionProperties) = preSolution
		HideSolutionNode = FALSE
	EndGlobalSection
	GlobalSection(ExtensibilityGlobals) = postSolution
		SolutionGuid = {6D731D07-047D-4A63-BEF9-98AD4B04B538}
	EndGlobalSection
EndGlobal
